
Microsoft Visual Studio Solution File, Format Version 12.00
# Visual Studio Version 17
VisualStudioVersion = 17.4.33103.184
MinimumVisualStudioVersion = 10.0.40219.1
Project("{9A19103F-16F7-4668-BE54-9A1E7A4F7556}") = "MyPet.Api", "MyPet.Api.csproj", "{EC8FC64C-46ED-4CD8-8C0A-E5D3E5228D00}"
EndProject
Project("{FAE04EC0-301F-11D3-BF4B-00C04F79EFBC}") = "MyPet.Domain", "..\MyPet.Domain\MyPet.Domain.csproj", "{B48AE3F3-D512-4B78-B171-B0AE8FB165B6}"
EndProject
Project("{FAE04EC0-301F-11D3-BF4B-00C04F79EFBC}") = "MyPet.Infra", "..\MyPet.Infra\MyPet.Infra.csproj", "{EA5FC68E-8308-4ACD-87B6-961B9104E979}"
EndProject
Project("{FAE04EC0-301F-11D3-BF4B-00C04F79EFBC}") = "MyPet.Application", "..\MyPet.Application\MyPet.Application.csproj", "{01CB2A71-ADB8-4761-B60B-81012B89C9A6}"
EndProject
Global
	GlobalSection(SolutionConfigurationPlatforms) = preSolution
		Debug|Any CPU = Debug|Any CPU
		Release|Any CPU = Release|Any CPU
	EndGlobalSection
	GlobalSection(ProjectConfigurationPlatforms) = postSolution
		{EC8FC64C-46ED-4CD8-8C0A-E5D3E5228D00}.Debug|Any CPU.ActiveCfg = Debug|Any CPU
		{EC8FC64C-46ED-4CD8-8C0A-E5D3E5228D00}.Debug|Any CPU.Build.0 = Debug|Any CPU
		{EC8FC64C-46ED-4CD8-8C0A-E5D3E5228D00}.Release|Any CPU.ActiveCfg = Release|Any CPU
		{EC8FC64C-46ED-4CD8-8C0A-E5D3E5228D00}.Release|Any CPU.Build.0 = Release|Any CPU
		{B48AE3F3-D512-4B78-B171-B0AE8FB165B6}.Debug|Any CPU.ActiveCfg = Debug|Any CPU
		{B48AE3F3-D512-4B78-B171-B0AE8FB165B6}.Debug|Any CPU.Build.0 = Debug|Any CPU
		{B48AE3F3-D512-4B78-B171-B0AE8FB165B6}.Release|Any CPU.ActiveCfg = Release|Any CPU
		{B48AE3F3-D512-4B78-B171-B0AE8FB165B6}.Release|Any CPU.Build.0 = Release|Any CPU
		{EA5FC68E-8308-4ACD-87B6-961B9104E979}.Debug|Any CPU.ActiveCfg = Debug|Any CPU
		{EA5FC68E-8308-4ACD-87B6-961B9104E979}.Debug|Any CPU.Build.0 = Debug|Any CPU
		{EA5FC68E-8308-4ACD-87B6-961B9104E979}.Release|Any CPU.ActiveCfg = Release|Any CPU
		{EA5FC68E-8308-4ACD-87B6-961B9104E979}.Release|Any CPU.Build.0 = Release|Any CPU
		{01CB2A71-ADB8-4761-B60B-81012B89C9A6}.Debug|Any CPU.ActiveCfg = Debug|Any CPU
		{01CB2A71-ADB8-4761-B60B-81012B89C9A6}.Debug|Any CPU.Build.0 = Debug|Any CPU
		{01CB2A71-ADB8-4761-B60B-81012B89C9A6}.Release|Any CPU.ActiveCfg = Release|Any CPU
		{01CB2A71-ADB8-4761-B60B-81012B89C9A6}.Release|Any CPU.Build.0 = Release|Any CPU
	EndGlobalSection
	GlobalSection(SolutionProperties) = preSolution
		HideSolutionNode = FALSE
	EndGlobalSection
	GlobalSection(ExtensibilityGlobals) = postSolution
		SolutionGuid = {FD1B24FE-9360-4A85-84F6-6F0B92B02AD4}
	EndGlobalSection
EndGlobal
